
Microsoft Visual Studio Solution File, Format Version 12.00
# Visual Studio Version 17
VisualStudioVersion = 17.6.33815.320
MinimumVisualStudioVersion = 10.0.40219.1
Project("{FAE04EC0-301F-11D3-BF4B-00C04F79EFBC}") = "SalesWebMvc", "SalesWebMvc\SalesWebMvc.csproj", "{B9FA6A6D-D9BD-4EBB-996B-E2256FE074C2}"
EndProject
Global
	GlobalSection(SolutionConfigurationPlatforms) = preSolution
		Debug|Any CPU = Debug|Any CPU
		Release|Any CPU = Release|Any CPU
	EndGlobalSection
	GlobalSection(ProjectConfigurationPlatforms) = postSolution
		{B9FA6A6D-D9BD-4EBB-996B-E2256FE074C2}.Debug|Any CPU.ActiveCfg = Debug|Any CPU
		{B9FA6A6D-D9BD-4EBB-996B-E2256FE074C2}.Debug|Any CPU.Build.0 = Debug|Any CPU
		{B9FA6A6D-D9BD-4EBB-996B-E2256FE074C2}.Release|Any CPU.ActiveCfg = Release|Any CPU
		{B9FA6A6D-D9BD-4EBB-996B-E2256FE074C2}.Release|Any CPU.Build.0 = Release|Any CPU
	EndGlobalSection
	GlobalSection(SolutionProperties) = preSolution
		HideSolutionNode = FALSE
	EndGlobalSection
	GlobalSection(ExtensibilityGlobals) = postSolution
		SolutionGuid = {8DE3F4F1-AB74-4DB6-97AF-3C4F5AAA094F}
	EndGlobalSection
EndGlobal
